
Microsoft Visual Studio Solution File, Format Version 12.00
# Visual Studio 15
VisualStudioVersion = 15.0.28307.1525
MinimumVisualStudioVersion = 10.0.40219.1
Project("{FAE04EC0-301F-11D3-BF4B-00C04F79EFBC}") = "AspDoNetWebAppDemo", "AspDoNetWebAppDemo\AspDoNetWebAppDemo.csproj", "{D77FF938-0D06-412E-8B78-2C0058CAC5F7}"
EndProject
Global
	GlobalSection(SolutionConfigurationPlatforms) = preSolution
		Debug|Any CPU = Debug|Any CPU
		Release|Any CPU = Release|Any CPU
	EndGlobalSection
	GlobalSection(ProjectConfigurationPlatforms) = postSolution
		{D77FF938-0D06-412E-8B78-2C0058CAC5F7}.Debug|Any CPU.ActiveCfg = Debug|Any CPU
		{D77FF938-0D06-412E-8B78-2C0058CAC5F7}.Debug|Any CPU.Build.0 = Debug|Any CPU
		{D77FF938-0D06-412E-8B78-2C0058CAC5F7}.Release|Any CPU.ActiveCfg = Release|Any CPU
		{D77FF938-0D06-412E-8B78-2C0058CAC5F7}.Release|Any CPU.Build.0 = Release|Any CPU
	EndGlobalSection
	GlobalSection(SolutionProperties) = preSolution
		HideSolutionNode = FALSE
	EndGlobalSection
	GlobalSection(ExtensibilityGlobals) = postSolution
		SolutionGuid = {C3EB7ED3-BE61-49A6-B099-2A64FAB8A444}
	EndGlobalSection
EndGlobal
